
Microsoft Visual Studio Solution File, Format Version 12.00
# Visual Studio Version 16
VisualStudioVersion = 16.0.30503.244
MinimumVisualStudioVersion = 10.0.40219.1
Project("{FAE04EC0-301F-11D3-BF4B-00C04F79EFBC}") = "NSSuiteCoreCSharp.Library", "NSSuiteCoreCSharp.Library\NSSuiteCoreCSharp.Library.csproj", "{4BD32D18-3941-43C6-B3F0-116809E99D9E}"
EndProject
Project("{FAE04EC0-301F-11D3-BF4B-00C04F79EFBC}") = "NSSuiteCoreCSharp.Tests", "NSSuiteCoreCSharp.Tests\NSSuiteCoreCSharp.Tests.csproj", "{117A243B-D642-448D-8D6B-72D3791331D5}"
EndProject
Global
	GlobalSection(SolutionConfigurationPlatforms) = preSolution
		Debug|Any CPU = Debug|Any CPU
		Release|Any CPU = Release|Any CPU
	EndGlobalSection
	GlobalSection(ProjectConfigurationPlatforms) = postSolution
		{4BD32D18-3941-43C6-B3F0-116809E99D9E}.Debug|Any CPU.ActiveCfg = Debug|Any CPU
		{4BD32D18-3941-43C6-B3F0-116809E99D9E}.Debug|Any CPU.Build.0 = Debug|Any CPU
		{4BD32D18-3941-43C6-B3F0-116809E99D9E}.Release|Any CPU.ActiveCfg = Release|Any CPU
		{4BD32D18-3941-43C6-B3F0-116809E99D9E}.Release|Any CPU.Build.0 = Release|Any CPU
		{117A243B-D642-448D-8D6B-72D3791331D5}.Debug|Any CPU.ActiveCfg = Debug|Any CPU
		{117A243B-D642-448D-8D6B-72D3791331D5}.Debug|Any CPU.Build.0 = Debug|Any CPU
		{117A243B-D642-448D-8D6B-72D3791331D5}.Release|Any CPU.ActiveCfg = Release|Any CPU
		{117A243B-D642-448D-8D6B-72D3791331D5}.Release|Any CPU.Build.0 = Release|Any CPU
	EndGlobalSection
	GlobalSection(SolutionProperties) = preSolution
		HideSolutionNode = FALSE
	EndGlobalSection
	GlobalSection(ExtensibilityGlobals) = postSolution
		SolutionGuid = {AF3D5685-65DF-461A-84A9-62484B575810}
	EndGlobalSection
EndGlobal
